
Microsoft Visual Studio Solution File, Format Version 12.00
# Visual Studio 14
VisualStudioVersion = 14.0.24720.0
MinimumVisualStudioVersion = 10.0.40219.1
Project("{FAE04EC0-301F-11D3-BF4B-00C04F79EFBC}") = "lesson12ifelsewithstrings", "lesson12ifelsewithstrings\lesson12ifelsewithstrings.csproj", "{3AEA7035-5658-4E4E-9A41-0F5077F0284C}"
EndProject
Global
	GlobalSection(SolutionConfigurationPlatforms) = preSolution
		Debug|Any CPU = Debug|Any CPU
		Release|Any CPU = Release|Any CPU
	EndGlobalSection
	GlobalSection(ProjectConfigurationPlatforms) = postSolution
		{3AEA7035-5658-4E4E-9A41-0F5077F0284C}.Debug|Any CPU.ActiveCfg = Debug|Any CPU
		{3AEA7035-5658-4E4E-9A41-0F5077F0284C}.Debug|Any CPU.Build.0 = Debug|Any CPU
		{3AEA7035-5658-4E4E-9A41-0F5077F0284C}.Release|Any CPU.ActiveCfg = Release|Any CPU
		{3AEA7035-5658-4E4E-9A41-0F5077F0284C}.Release|Any CPU.Build.0 = Release|Any CPU
	EndGlobalSection
	GlobalSection(SolutionProperties) = preSolution
		HideSolutionNode = FALSE
	EndGlobalSection
EndGlobal
