
Microsoft Visual Studio Solution File, Format Version 12.00
# Visual Studio 14
VisualStudioVersion = 14.0.24720.0
MinimumVisualStudioVersion = 10.0.40219.1
Project("{FAE04EC0-301F-11D3-BF4B-00C04F79EFBC}") = "lesson18foreachloops", "lesson18forloops\lesson18foreachloops.csproj", "{FB442E37-2FE7-4EB9-AE51-9330774D7E94}"
EndProject
Global
	GlobalSection(SolutionConfigurationPlatforms) = preSolution
		Debug|Any CPU = Debug|Any CPU
		Release|Any CPU = Release|Any CPU
	EndGlobalSection
	GlobalSection(ProjectConfigurationPlatforms) = postSolution
		{FB442E37-2FE7-4EB9-AE51-9330774D7E94}.Debug|Any CPU.ActiveCfg = Debug|Any CPU
		{FB442E37-2FE7-4EB9-AE51-9330774D7E94}.Debug|Any CPU.Build.0 = Debug|Any CPU
		{FB442E37-2FE7-4EB9-AE51-9330774D7E94}.Release|Any CPU.ActiveCfg = Release|Any CPU
		{FB442E37-2FE7-4EB9-AE51-9330774D7E94}.Release|Any CPU.Build.0 = Release|Any CPU
	EndGlobalSection
	GlobalSection(SolutionProperties) = preSolution
		HideSolutionNode = FALSE
	EndGlobalSection
EndGlobal
