
Microsoft Visual Studio Solution File, Format Version 12.00
# Visual Studio 14
VisualStudioVersion = 14.0.24720.0
MinimumVisualStudioVersion = 10.0.40219.1
Project("{FAE04EC0-301F-11D3-BF4B-00C04F79EFBC}") = "lesson7readconvert", "lesson7readconvert\lesson7readconvert.csproj", "{D3085799-E73C-4AFA-8B82-12BBF60F57CD}"
EndProject
Global
	GlobalSection(SolutionConfigurationPlatforms) = preSolution
		Debug|Any CPU = Debug|Any CPU
		Release|Any CPU = Release|Any CPU
	EndGlobalSection
	GlobalSection(ProjectConfigurationPlatforms) = postSolution
		{D3085799-E73C-4AFA-8B82-12BBF60F57CD}.Debug|Any CPU.ActiveCfg = Debug|Any CPU
		{D3085799-E73C-4AFA-8B82-12BBF60F57CD}.Debug|Any CPU.Build.0 = Debug|Any CPU
		{D3085799-E73C-4AFA-8B82-12BBF60F57CD}.Release|Any CPU.ActiveCfg = Release|Any CPU
		{D3085799-E73C-4AFA-8B82-12BBF60F57CD}.Release|Any CPU.Build.0 = Release|Any CPU
	EndGlobalSection
	GlobalSection(SolutionProperties) = preSolution
		HideSolutionNode = FALSE
	EndGlobalSection
EndGlobal
